
Microsoft Visual Studio Solution File, Format Version 12.00
# Visual Studio Version 17
VisualStudioVersion = 17.0.32014.148
MinimumVisualStudioVersion = 10.0.40219.1
Project("{8BC9CEB8-8B4A-11D0-8D11-00A0C91BC942}") = "FirstDemo", "FirstDemo\FirstDemo.vcxproj", "{CF7CE4E4-44C0-4A15-ACA0-1268FEC9FA84}"
EndProject
Global
	GlobalSection(SolutionConfigurationPlatforms) = preSolution
		Debug|x64 = Debug|x64
		Debug|x86 = Debug|x86
		Release|x64 = Release|x64
		Release|x86 = Release|x86
	EndGlobalSection
	GlobalSection(ProjectConfigurationPlatforms) = postSolution
		{CF7CE4E4-44C0-4A15-ACA0-1268FEC9FA84}.Debug|x64.ActiveCfg = Debug|x64
		{CF7CE4E4-44C0-4A15-ACA0-1268FEC9FA84}.Debug|x64.Build.0 = Debug|x64
		{CF7CE4E4-44C0-4A15-ACA0-1268FEC9FA84}.Debug|x86.ActiveCfg = Debug|Win32
		{CF7CE4E4-44C0-4A15-ACA0-1268FEC9FA84}.Debug|x86.Build.0 = Debug|Win32
		{CF7CE4E4-44C0-4A15-ACA0-1268FEC9FA84}.Release|x64.ActiveCfg = Release|x64
		{CF7CE4E4-44C0-4A15-ACA0-1268FEC9FA84}.Release|x64.Build.0 = Release|x64
		{CF7CE4E4-44C0-4A15-ACA0-1268FEC9FA84}.Release|x86.ActiveCfg = Release|Win32
		{CF7CE4E4-44C0-4A15-ACA0-1268FEC9FA84}.Release|x86.Build.0 = Release|Win32
	EndGlobalSection
	GlobalSection(SolutionProperties) = preSolution
		HideSolutionNode = FALSE
	EndGlobalSection
	GlobalSection(ExtensibilityGlobals) = postSolution
		SolutionGuid = {06CE5B0D-0C1E-4958-B95B-9C36BEF6E2E2}
	EndGlobalSection
EndGlobal
